
Microsoft Visual Studio Solution File, Format Version 12.00
# Visual Studio Version 17
VisualStudioVersion = 17.8.34330.188
MinimumVisualStudioVersion = 10.0.40219.1
Project("{FAE04EC0-301F-11D3-BF4B-00C04F79EFBC}") = "2143_stoktakipprogrami", "2143_stoktakipprogrami\2143_stoktakipprogrami.csproj", "{807BFBBA-4E55-40F8-8D68-5C539A22C255}"
EndProject
Global
	GlobalSection(SolutionConfigurationPlatforms) = preSolution
		Debug|Any CPU = Debug|Any CPU
		Release|Any CPU = Release|Any CPU
	EndGlobalSection
	GlobalSection(ProjectConfigurationPlatforms) = postSolution
		{807BFBBA-4E55-40F8-8D68-5C539A22C255}.Debug|Any CPU.ActiveCfg = Debug|Any CPU
		{807BFBBA-4E55-40F8-8D68-5C539A22C255}.Debug|Any CPU.Build.0 = Debug|Any CPU
		{807BFBBA-4E55-40F8-8D68-5C539A22C255}.Release|Any CPU.ActiveCfg = Release|Any CPU
		{807BFBBA-4E55-40F8-8D68-5C539A22C255}.Release|Any CPU.Build.0 = Release|Any CPU
	EndGlobalSection
	GlobalSection(SolutionProperties) = preSolution
		HideSolutionNode = FALSE
	EndGlobalSection
	GlobalSection(ExtensibilityGlobals) = postSolution
		SolutionGuid = {FE39483B-47BA-4BC0-A4C5-FDE5CF1A19CC}
	EndGlobalSection
EndGlobal
